
Microsoft Visual Studio Solution File, Format Version 12.00
# Visual Studio Version 17
VisualStudioVersion = 17.2.32616.157
MinimumVisualStudioVersion = 10.0.40219.1
Project("{FAE04EC0-301F-11D3-BF4B-00C04F79EFBC}") = "MishikaTWapi", "MishikaTWapi\MishikaTWapi.csproj", "{DAC16006-63EF-4826-9896-FDE75F21ADDB}"
EndProject
Global
	GlobalSection(SolutionConfigurationPlatforms) = preSolution
		Debug|Any CPU = Debug|Any CPU
		Release|Any CPU = Release|Any CPU
	EndGlobalSection
	GlobalSection(ProjectConfigurationPlatforms) = postSolution
		{DAC16006-63EF-4826-9896-FDE75F21ADDB}.Debug|Any CPU.ActiveCfg = Debug|Any CPU
		{DAC16006-63EF-4826-9896-FDE75F21ADDB}.Debug|Any CPU.Build.0 = Debug|Any CPU
		{DAC16006-63EF-4826-9896-FDE75F21ADDB}.Release|Any CPU.ActiveCfg = Release|Any CPU
		{DAC16006-63EF-4826-9896-FDE75F21ADDB}.Release|Any CPU.Build.0 = Release|Any CPU
	EndGlobalSection
	GlobalSection(SolutionProperties) = preSolution
		HideSolutionNode = FALSE
	EndGlobalSection
	GlobalSection(ExtensibilityGlobals) = postSolution
		SolutionGuid = {08337C82-A586-4AB7-8CF1-6F495B9458EC}
	EndGlobalSection
EndGlobal
